// !$*UTF8*$!
{
	archiveVersion = 1;
	classes = {
	};
	objectVersion = 50;
	objects = {

/* Begin PBXBuildFile section */
		E8B73C58233CE77A0028A0B1 /* fcgid.cpp in Sources */ = {isa = PBXBuildFile; fileRef = E8B73C57233CE77A0028A0B1 /* fcgid.cpp */; };
		E8B73C65233CE7990028A0B1 /* thread.cpp in Sources */ = {isa = PBXBuildFile; fileRef = E8B73C63233CE7990028A0B1 /* thread.cpp */; };
		E8B73C6C233CE7A70028A0B1 /* socket.cpp in Sources */ = {isa = PBXBuildFile; fileRef = E8B73C67233CE7A70028A0B1 /* socket.cpp */; };
		E8B73C6D233CE7A70028A0B1 /* addrinfo.cpp in Sources */ = {isa = PBXBuildFile; fileRef = E8B73C6A233CE7A70028A0B1 /* addrinfo.cpp */; };
		E8B73C6E233CE7A70028A0B1 /* epoll.cpp in Sources */ = {isa = PBXBuildFile; fileRef = E8B73C6B233CE7A70028A0B1 /* epoll.cpp */; };
		E8B73C80233CE7B70028A0B1 /* worker.cpp in Sources */ = {isa = PBXBuildFile; fileRef = E8B73C6F233CE7B60028A0B1 /* worker.cpp */; };
		E8B73C81233CE7B70028A0B1 /* gzip.cpp in Sources */ = {isa = PBXBuildFile; fileRef = E8B73C72233CE7B60028A0B1 /* gzip.cpp */; };
		E8B73C82233CE7B70028A0B1 /* response.cpp in Sources */ = {isa = PBXBuildFile; fileRef = E8B73C73233CE7B60028A0B1 /* response.cpp */; };
		E8B73C83233CE7B70028A0B1 /* constants.cpp in Sources */ = {isa = PBXBuildFile; fileRef = E8B73C77233CE7B60028A0B1 /* constants.cpp */; };
		E8B73C84233CE7B70028A0B1 /* request.cpp in Sources */ = {isa = PBXBuildFile; fileRef = E8B73C79233CE7B60028A0B1 /* request.cpp */; };
		E8B73C85233CE7B70028A0B1 /* gtree.cpp in Sources */ = {isa = PBXBuildFile; fileRef = E8B73C7A233CE7B70028A0B1 /* gtree.cpp */; };
		E8B73C86233CE7B70028A0B1 /* connection.cpp in Sources */ = {isa = PBXBuildFile; fileRef = E8B73C7B233CE7B70028A0B1 /* connection.cpp */; };
		E8B73C87233CE7B70028A0B1 /* server.cpp in Sources */ = {isa = PBXBuildFile; fileRef = E8B73C7D233CE7B70028A0B1 /* server.cpp */; };
		E8B73C8A233CE7D30028A0B1 /* server.cpp in Sources */ = {isa = PBXBuildFile; fileRef = E8B73C89233CE7D30028A0B1 /* server.cpp */; };
/* End PBXBuildFile section */

/* Begin PBXCopyFilesBuildPhase section */
		E82178C2233CE48300676B6C /* CopyFiles */ = {
			isa = PBXCopyFilesBuildPhase;
			buildActionMask = 2147483647;
			dstPath = /usr/share/man/man1/;
			dstSubfolderSpec = 0;
			files = (
			);
			runOnlyForDeploymentPostprocessing = 1;
		};
/* End PBXCopyFilesBuildPhase section */

/* Begin PBXFileReference section */
		E82178C4233CE48300676B6C /* minihttpd */ = {isa = PBXFileReference; explicitFileType = "compiled.mach-o.executable"; includeInIndex = 0; path = minihttpd; sourceTree = BUILT_PRODUCTS_DIR; };
		E8B73C50233CE76D0028A0B1 /* ref_counted.h */ = {isa = PBXFileReference; fileEncoding = 4; lastKnownFileType = sourcecode.c.h; name = ref_counted.h; path = ../../util/ref_counted.h; sourceTree = "<group>"; };
		E8B73C51233CE76D0028A0B1 /* atomic.h */ = {isa = PBXFileReference; fileEncoding = 4; lastKnownFileType = sourcecode.c.h; name = atomic.h; path = ../../util/atomic.h; sourceTree = "<group>"; };
		E8B73C52233CE76D0028A0B1 /* util.h */ = {isa = PBXFileReference; fileEncoding = 4; lastKnownFileType = sourcecode.c.h; name = util.h; path = ../../util/util.h; sourceTree = "<group>"; };
		E8B73C53233CE76D0028A0B1 /* alloc.h */ = {isa = PBXFileReference; fileEncoding = 4; lastKnownFileType = sourcecode.c.h; name = alloc.h; path = ../../util/alloc.h; sourceTree = "<group>"; };
		E8B73C54233CE76D0028A0B1 /* scoped_ptr.h */ = {isa = PBXFileReference; fileEncoding = 4; lastKnownFileType = sourcecode.c.h; name = scoped_ptr.h; path = ../../util/scoped_ptr.h; sourceTree = "<group>"; };
		E8B73C55233CE76D0028A0B1 /* weak_ptr.h */ = {isa = PBXFileReference; fileEncoding = 4; lastKnownFileType = sourcecode.c.h; name = weak_ptr.h; path = ../../util/weak_ptr.h; sourceTree = "<group>"; };
		E8B73C56233CE77A0028A0B1 /* fcgid.h */ = {isa = PBXFileReference; fileEncoding = 4; lastKnownFileType = sourcecode.c.h; name = fcgid.h; path = ../../fcgid/fcgid.h; sourceTree = "<group>"; };
		E8B73C57233CE77A0028A0B1 /* fcgid.cpp */ = {isa = PBXFileReference; fileEncoding = 4; lastKnownFileType = sourcecode.cpp.cpp; name = fcgid.cpp; path = ../../fcgid/fcgid.cpp; sourceTree = "<group>"; };
		E8B73C59233CE7870028A0B1 /* callback_param_traits.h */ = {isa = PBXFileReference; fileEncoding = 4; lastKnownFileType = sourcecode.c.h; name = callback_param_traits.h; path = ../../closure/callback_param_traits.h; sourceTree = "<group>"; };
		E8B73C5A233CE7870028A0B1 /* bind.h */ = {isa = PBXFileReference; fileEncoding = 4; lastKnownFileType = sourcecode.c.h; name = bind.h; path = ../../closure/bind.h; sourceTree = "<group>"; };
		E8B73C5B233CE7870028A0B1 /* callback.h */ = {isa = PBXFileReference; fileEncoding = 4; lastKnownFileType = sourcecode.c.h; name = callback.h; path = ../../closure/callback.h; sourceTree = "<group>"; };
		E8B73C5C233CE7870028A0B1 /* invoker.h */ = {isa = PBXFileReference; fileEncoding = 4; lastKnownFileType = sourcecode.c.h; name = invoker.h; path = ../../closure/invoker.h; sourceTree = "<group>"; };
		E8B73C5D233CE7870028A0B1 /* functor_traits.h */ = {isa = PBXFileReference; fileEncoding = 4; lastKnownFileType = sourcecode.c.h; name = functor_traits.h; path = ../../closure/functor_traits.h; sourceTree = "<group>"; };
		E8B73C5E233CE7870028A0B1 /* bind_helper.h */ = {isa = PBXFileReference; fileEncoding = 4; lastKnownFileType = sourcecode.c.h; name = bind_helper.h; path = ../../closure/bind_helper.h; sourceTree = "<group>"; };
		E8B73C5F233CE7870028A0B1 /* runnable_adapter.h */ = {isa = PBXFileReference; fileEncoding = 4; lastKnownFileType = sourcecode.c.h; name = runnable_adapter.h; path = ../../closure/runnable_adapter.h; sourceTree = "<group>"; };
		E8B73C60233CE7870028A0B1 /* invoker_helper.h */ = {isa = PBXFileReference; fileEncoding = 4; lastKnownFileType = sourcecode.c.h; name = invoker_helper.h; path = ../../closure/invoker_helper.h; sourceTree = "<group>"; };
		E8B73C61233CE7870028A0B1 /* bind_state.h */ = {isa = PBXFileReference; fileEncoding = 4; lastKnownFileType = sourcecode.c.h; name = bind_state.h; path = ../../closure/bind_state.h; sourceTree = "<group>"; };
		E8B73C62233CE7990028A0B1 /* runnable.h */ = {isa = PBXFileReference; fileEncoding = 4; lastKnownFileType = sourcecode.c.h; name = runnable.h; path = ../../thread/runnable.h; sourceTree = "<group>"; };
		E8B73C63233CE7990028A0B1 /* thread.cpp */ = {isa = PBXFileReference; fileEncoding = 4; lastKnownFileType = sourcecode.cpp.cpp; name = thread.cpp; path = ../../thread/thread.cpp; sourceTree = "<group>"; };
		E8B73C64233CE7990028A0B1 /* thread.h */ = {isa = PBXFileReference; fileEncoding = 4; lastKnownFileType = sourcecode.c.h; name = thread.h; path = ../../thread/thread.h; sourceTree = "<group>"; };
		E8B73C66233CE7A70028A0B1 /* epoll.h */ = {isa = PBXFileReference; fileEncoding = 4; lastKnownFileType = sourcecode.c.h; name = epoll.h; path = ../../network/epoll.h; sourceTree = "<group>"; };
		E8B73C67233CE7A70028A0B1 /* socket.cpp */ = {isa = PBXFileReference; fileEncoding = 4; lastKnownFileType = sourcecode.cpp.cpp; name = socket.cpp; path = ../../network/socket.cpp; sourceTree = "<group>"; };
		E8B73C68233CE7A70028A0B1 /* socket.h */ = {isa = PBXFileReference; fileEncoding = 4; lastKnownFileType = sourcecode.c.h; name = socket.h; path = ../../network/socket.h; sourceTree = "<group>"; };
		E8B73C69233CE7A70028A0B1 /* addrinfo.h */ = {isa = PBXFileReference; fileEncoding = 4; lastKnownFileType = sourcecode.c.h; name = addrinfo.h; path = ../../network/addrinfo.h; sourceTree = "<group>"; };
		E8B73C6A233CE7A70028A0B1 /* addrinfo.cpp */ = {isa = PBXFileReference; fileEncoding = 4; lastKnownFileType = sourcecode.cpp.cpp; name = addrinfo.cpp; path = ../../network/addrinfo.cpp; sourceTree = "<group>"; };
		E8B73C6B233CE7A70028A0B1 /* epoll.cpp */ = {isa = PBXFileReference; fileEncoding = 4; lastKnownFileType = sourcecode.cpp.cpp; name = epoll.cpp; path = ../../network/epoll.cpp; sourceTree = "<group>"; };
		E8B73C6F233CE7B60028A0B1 /* worker.cpp */ = {isa = PBXFileReference; fileEncoding = 4; lastKnownFileType = sourcecode.cpp.cpp; name = worker.cpp; path = ../../httpd/worker.cpp; sourceTree = "<group>"; };
		E8B73C70233CE7B60028A0B1 /* constants.h */ = {isa = PBXFileReference; fileEncoding = 4; lastKnownFileType = sourcecode.c.h; name = constants.h; path = ../../httpd/constants.h; sourceTree = "<group>"; };
		E8B73C71233CE7B60028A0B1 /* worker.h */ = {isa = PBXFileReference; fileEncoding = 4; lastKnownFileType = sourcecode.c.h; name = worker.h; path = ../../httpd/worker.h; sourceTree = "<group>"; };
		E8B73C72233CE7B60028A0B1 /* gzip.cpp */ = {isa = PBXFileReference; fileEncoding = 4; lastKnownFileType = sourcecode.cpp.cpp; name = gzip.cpp; path = ../../httpd/gzip.cpp; sourceTree = "<group>"; };
		E8B73C73233CE7B60028A0B1 /* response.cpp */ = {isa = PBXFileReference; fileEncoding = 4; lastKnownFileType = sourcecode.cpp.cpp; name = response.cpp; path = ../../httpd/response.cpp; sourceTree = "<group>"; };
		E8B73C74233CE7B60028A0B1 /* response.h */ = {isa = PBXFileReference; fileEncoding = 4; lastKnownFileType = sourcecode.c.h; name = response.h; path = ../../httpd/response.h; sourceTree = "<group>"; };
		E8B73C75233CE7B60028A0B1 /* server.h */ = {isa = PBXFileReference; fileEncoding = 4; lastKnownFileType = sourcecode.c.h; name = server.h; path = ../../httpd/server.h; sourceTree = "<group>"; };
		E8B73C76233CE7B60028A0B1 /* gtree.h */ = {isa = PBXFileReference; fileEncoding = 4; lastKnownFileType = sourcecode.c.h; name = gtree.h; path = ../../httpd/gtree.h; sourceTree = "<group>"; };
		E8B73C77233CE7B60028A0B1 /* constants.cpp */ = {isa = PBXFileReference; fileEncoding = 4; lastKnownFileType = sourcecode.cpp.cpp; name = constants.cpp; path = ../../httpd/constants.cpp; sourceTree = "<group>"; };
		E8B73C78233CE7B60028A0B1 /* gzip.h */ = {isa = PBXFileReference; fileEncoding = 4; lastKnownFileType = sourcecode.c.h; name = gzip.h; path = ../../httpd/gzip.h; sourceTree = "<group>"; };
		E8B73C79233CE7B60028A0B1 /* request.cpp */ = {isa = PBXFileReference; fileEncoding = 4; lastKnownFileType = sourcecode.cpp.cpp; name = request.cpp; path = ../../httpd/request.cpp; sourceTree = "<group>"; };
		E8B73C7A233CE7B70028A0B1 /* gtree.cpp */ = {isa = PBXFileReference; fileEncoding = 4; lastKnownFileType = sourcecode.cpp.cpp; name = gtree.cpp; path = ../../httpd/gtree.cpp; sourceTree = "<group>"; };
		E8B73C7B233CE7B70028A0B1 /* connection.cpp */ = {isa = PBXFileReference; fileEncoding = 4; lastKnownFileType = sourcecode.cpp.cpp; name = connection.cpp; path = ../../httpd/connection.cpp; sourceTree = "<group>"; };
		E8B73C7C233CE7B70028A0B1 /* request.h */ = {isa = PBXFileReference; fileEncoding = 4; lastKnownFileType = sourcecode.c.h; name = request.h; path = ../../httpd/request.h; sourceTree = "<group>"; };
		E8B73C7D233CE7B70028A0B1 /* server.cpp */ = {isa = PBXFileReference; fileEncoding = 4; lastKnownFileType = sourcecode.cpp.cpp; name = server.cpp; path = ../../httpd/server.cpp; sourceTree = "<group>"; };
		E8B73C7E233CE7B70028A0B1 /* simple_queue.h */ = {isa = PBXFileReference; fileEncoding = 4; lastKnownFileType = sourcecode.c.h; name = simple_queue.h; path = ../../httpd/simple_queue.h; sourceTree = "<group>"; };
		E8B73C7F233CE7B70028A0B1 /* connection.h */ = {isa = PBXFileReference; fileEncoding = 4; lastKnownFileType = sourcecode.c.h; name = connection.h; path = ../../httpd/connection.h; sourceTree = "<group>"; };
		E8B73C89233CE7D30028A0B1 /* server.cpp */ = {isa = PBXFileReference; fileEncoding = 4; lastKnownFileType = sourcecode.cpp.cpp; name = server.cpp; path = ../../test/httpd/server.cpp; sourceTree = "<group>"; };
		E8B73C8B233CFEB20028A0B1 /* config.h */ = {isa = PBXFileReference; fileEncoding = 4; lastKnownFileType = sourcecode.c.h; name = config.h; path = ../config.h; sourceTree = "<group>"; };
/* End PBXFileReference section */

/* Begin PBXFrameworksBuildPhase section */
		E82178C1233CE48300676B6C /* Frameworks */ = {
			isa = PBXFrameworksBuildPhase;
			buildActionMask = 2147483647;
			files = (
			);
			runOnlyForDeploymentPostprocessing = 0;
		};
/* End PBXFrameworksBuildPhase section */

/* Begin PBXGroup section */
		E82178BB233CE48300676B6C = {
			isa = PBXGroup;
			children = (
				E8B73C8B233CFEB20028A0B1 /* config.h */,
				E8B73C88233CE7BF0028A0B1 /* main */,
				E8B73C4F233CE7530028A0B1 /* utils */,
				E8B73C4E233CE7460028A0B1 /* fcgid */,
				E8B73C4D233CE73F0028A0B1 /* closure */,
				E8B73C4C233CE72F0028A0B1 /* thread */,
				E8B73C4B233CE7170028A0B1 /* network */,
				E8B73C4A233CE7010028A0B1 /* httpd */,
				E82178C5233CE48300676B6C /* Products */,
			);
			sourceTree = "<group>";
		};
		E82178C5233CE48300676B6C /* Products */ = {
			isa = PBXGroup;
			children = (
				E82178C4233CE48300676B6C /* minihttpd */,
			);
			name = Products;
			sourceTree = "<group>";
		};
		E8B73C4A233CE7010028A0B1 /* httpd */ = {
			isa = PBXGroup;
			children = (
				E8B73C7B233CE7B70028A0B1 /* connection.cpp */,
				E8B73C7F233CE7B70028A0B1 /* connection.h */,
				E8B73C77233CE7B60028A0B1 /* constants.cpp */,
				E8B73C70233CE7B60028A0B1 /* constants.h */,
				E8B73C7A233CE7B70028A0B1 /* gtree.cpp */,
				E8B73C76233CE7B60028A0B1 /* gtree.h */,
				E8B73C72233CE7B60028A0B1 /* gzip.cpp */,
				E8B73C78233CE7B60028A0B1 /* gzip.h */,
				E8B73C79233CE7B60028A0B1 /* request.cpp */,
				E8B73C7C233CE7B70028A0B1 /* request.h */,
				E8B73C73233CE7B60028A0B1 /* response.cpp */,
				E8B73C74233CE7B60028A0B1 /* response.h */,
				E8B73C7D233CE7B70028A0B1 /* server.cpp */,
				E8B73C75233CE7B60028A0B1 /* server.h */,
				E8B73C7E233CE7B70028A0B1 /* simple_queue.h */,
				E8B73C6F233CE7B60028A0B1 /* worker.cpp */,
				E8B73C71233CE7B60028A0B1 /* worker.h */,
			);
			path = httpd;
			sourceTree = "<group>";
		};
		E8B73C4B233CE7170028A0B1 /* network */ = {
			isa = PBXGroup;
			children = (
				E8B73C6A233CE7A70028A0B1 /* addrinfo.cpp */,
				E8B73C69233CE7A70028A0B1 /* addrinfo.h */,
				E8B73C6B233CE7A70028A0B1 /* epoll.cpp */,
				E8B73C66233CE7A70028A0B1 /* epoll.h */,
				E8B73C67233CE7A70028A0B1 /* socket.cpp */,
				E8B73C68233CE7A70028A0B1 /* socket.h */,
			);
			path = network;
			sourceTree = "<group>";
		};
		E8B73C4C233CE72F0028A0B1 /* thread */ = {
			isa = PBXGroup;
			children = (
				E8B73C62233CE7990028A0B1 /* runnable.h */,
				E8B73C63233CE7990028A0B1 /* thread.cpp */,
				E8B73C64233CE7990028A0B1 /* thread.h */,
			);
			path = thread;
			sourceTree = "<group>";
		};
		E8B73C4D233CE73F0028A0B1 /* closure */ = {
			isa = PBXGroup;
			children = (
				E8B73C5E233CE7870028A0B1 /* bind_helper.h */,
				E8B73C61233CE7870028A0B1 /* bind_state.h */,
				E8B73C5A233CE7870028A0B1 /* bind.h */,
				E8B73C59233CE7870028A0B1 /* callback_param_traits.h */,
				E8B73C5B233CE7870028A0B1 /* callback.h */,
				E8B73C5D233CE7870028A0B1 /* functor_traits.h */,
				E8B73C60233CE7870028A0B1 /* invoker_helper.h */,
				E8B73C5C233CE7870028A0B1 /* invoker.h */,
				E8B73C5F233CE7870028A0B1 /* runnable_adapter.h */,
			);
			path = closure;
			sourceTree = "<group>";
		};
		E8B73C4E233CE7460028A0B1 /* fcgid */ = {
			isa = PBXGroup;
			children = (
				E8B73C57233CE77A0028A0B1 /* fcgid.cpp */,
				E8B73C56233CE77A0028A0B1 /* fcgid.h */,
			);
			path = fcgid;
			sourceTree = "<group>";
		};
		E8B73C4F233CE7530028A0B1 /* utils */ = {
			isa = PBXGroup;
			children = (
				E8B73C53233CE76D0028A0B1 /* alloc.h */,
				E8B73C51233CE76D0028A0B1 /* atomic.h */,
				E8B73C50233CE76D0028A0B1 /* ref_counted.h */,
				E8B73C54233CE76D0028A0B1 /* scoped_ptr.h */,
				E8B73C52233CE76D0028A0B1 /* util.h */,
				E8B73C55233CE76D0028A0B1 /* weak_ptr.h */,
			);
			path = utils;
			sourceTree = "<group>";
		};
		E8B73C88233CE7BF0028A0B1 /* main */ = {
			isa = PBXGroup;
			children = (
				E8B73C89233CE7D30028A0B1 /* server.cpp */,
			);
			path = main;
			sourceTree = "<group>";
		};
/* End PBXGroup section */

/* Begin PBXNativeTarget section */
		E82178C3233CE48300676B6C /* minihttpd */ = {
			isa = PBXNativeTarget;
			buildConfigurationList = E82178CB233CE48300676B6C /* Build configuration list for PBXNativeTarget "minihttpd" */;
			buildPhases = (
				E82178C0233CE48300676B6C /* Sources */,
				E82178C1233CE48300676B6C /* Frameworks */,
				E82178C2233CE48300676B6C /* CopyFiles */,
			);
			buildRules = (
			);
			dependencies = (
			);
			name = minihttpd;
			productName = minihttpd;
			productReference = E82178C4233CE48300676B6C /* minihttpd */;
			productType = "com.apple.product-type.tool";
		};
/* End PBXNativeTarget section */

/* Begin PBXProject section */
		E82178BC233CE48300676B6C /* Project object */ = {
			isa = PBXProject;
			attributes = {
				LastUpgradeCheck = 1030;
				ORGANIZATIONNAME = linshaohua;
				TargetAttributes = {
					E82178C3233CE48300676B6C = {
						CreatedOnToolsVersion = 10.3;
					};
				};
			};
			buildConfigurationList = E82178BF233CE48300676B6C /* Build configuration list for PBXProject "minihttpd" */;
			compatibilityVersion = "Xcode 9.3";
			developmentRegion = en;
			hasScannedForEncodings = 0;
			knownRegions = (
				en,
			);
			mainGroup = E82178BB233CE48300676B6C;
			productRefGroup = E82178C5233CE48300676B6C /* Products */;
			projectDirPath = "";
			projectRoot = "";
			targets = (
				E82178C3233CE48300676B6C /* minihttpd */,
			);
		};
/* End PBXProject section */

/* Begin PBXSourcesBuildPhase section */
		E82178C0233CE48300676B6C /* Sources */ = {
			isa = PBXSourcesBuildPhase;
			buildActionMask = 2147483647;
			files = (
				E8B73C6D233CE7A70028A0B1 /* addrinfo.cpp in Sources */,
				E8B73C84233CE7B70028A0B1 /* request.cpp in Sources */,
				E8B73C6E233CE7A70028A0B1 /* epoll.cpp in Sources */,
				E8B73C81233CE7B70028A0B1 /* gzip.cpp in Sources */,
				E8B73C58233CE77A0028A0B1 /* fcgid.cpp in Sources */,
				E8B73C87233CE7B70028A0B1 /* server.cpp in Sources */,
				E8B73C82233CE7B70028A0B1 /* response.cpp in Sources */,
				E8B73C85233CE7B70028A0B1 /* gtree.cpp in Sources */,
				E8B73C83233CE7B70028A0B1 /* constants.cpp in Sources */,
				E8B73C6C233CE7A70028A0B1 /* socket.cpp in Sources */,
				E8B73C65233CE7990028A0B1 /* thread.cpp in Sources */,
				E8B73C80233CE7B70028A0B1 /* worker.cpp in Sources */,
				E8B73C8A233CE7D30028A0B1 /* server.cpp in Sources */,
				E8B73C86233CE7B70028A0B1 /* connection.cpp in Sources */,
			);
			runOnlyForDeploymentPostprocessing = 0;
		};
/* End PBXSourcesBuildPhase section */

/* Begin XCBuildConfiguration section */
		E82178C9233CE48300676B6C /* Debug */ = {
			isa = XCBuildConfiguration;
			buildSettings = {
				ALWAYS_SEARCH_USER_PATHS = NO;
				CLANG_ANALYZER_NONNULL = YES;
				CLANG_ANALYZER_NUMBER_OBJECT_CONVERSION = YES_AGGRESSIVE;
				CLANG_CXX_LANGUAGE_STANDARD = "gnu++14";
				CLANG_CXX_LIBRARY = "libc++";
				CLANG_ENABLE_MODULES = YES;
				CLANG_ENABLE_OBJC_ARC = YES;
				CLANG_ENABLE_OBJC_WEAK = YES;
				CLANG_WARN_BLOCK_CAPTURE_AUTORELEASING = YES;
				CLANG_WARN_BOOL_CONVERSION = YES;
				CLANG_WARN_COMMA = YES;
				CLANG_WARN_CONSTANT_CONVERSION = YES;
				CLANG_WARN_DEPRECATED_OBJC_IMPLEMENTATIONS = YES;
				CLANG_WARN_DIRECT_OBJC_ISA_USAGE = YES_ERROR;
				CLANG_WARN_DOCUMENTATION_COMMENTS = YES;
				CLANG_WARN_EMPTY_BODY = YES;
				CLANG_WARN_ENUM_CONVERSION = YES;
				CLANG_WARN_INFINITE_RECURSION = YES;
				CLANG_WARN_INT_CONVERSION = YES;
				CLANG_WARN_NON_LITERAL_NULL_CONVERSION = YES;
				CLANG_WARN_OBJC_IMPLICIT_RETAIN_SELF = YES;
				CLANG_WARN_OBJC_LITERAL_CONVERSION = YES;
				CLANG_WARN_OBJC_ROOT_CLASS = YES_ERROR;
				CLANG_WARN_RANGE_LOOP_ANALYSIS = YES;
				CLANG_WARN_STRICT_PROTOTYPES = YES;
				CLANG_WARN_SUSPICIOUS_MOVE = YES;
				CLANG_WARN_UNGUARDED_AVAILABILITY = YES_AGGRESSIVE;
				CLANG_WARN_UNREACHABLE_CODE = YES;
				CLANG_WARN__DUPLICATE_METHOD_MATCH = YES;
				CODE_SIGN_IDENTITY = "-";
				COPY_PHASE_STRIP = NO;
				DEBUG_INFORMATION_FORMAT = dwarf;
				ENABLE_STRICT_OBJC_MSGSEND = YES;
				ENABLE_TESTABILITY = YES;
				GCC_C_LANGUAGE_STANDARD = gnu11;
				GCC_DYNAMIC_NO_PIC = NO;
				GCC_NO_COMMON_BLOCKS = YES;
				GCC_OPTIMIZATION_LEVEL = 0;
				GCC_PREPROCESSOR_DEFINITIONS = (
					"DEBUG=1",
					"$(inherited)",
				);
				GCC_WARN_64_TO_32_BIT_CONVERSION = YES;
				GCC_WARN_ABOUT_RETURN_TYPE = YES_ERROR;
				GCC_WARN_UNDECLARED_SELECTOR = YES;
				GCC_WARN_UNINITIALIZED_AUTOS = YES_AGGRESSIVE;
				GCC_WARN_UNUSED_FUNCTION = YES;
				GCC_WARN_UNUSED_VARIABLE = YES;
				HEADER_SEARCH_PATHS = ./../;
				MACOSX_DEPLOYMENT_TARGET = 10.14;
				MTL_ENABLE_DEBUG_INFO = INCLUDE_SOURCE;
				MTL_FAST_MATH = YES;
				ONLY_ACTIVE_ARCH = YES;
				OTHER_CPLUSPLUSFLAGS = "$(OTHER_CFLAGS)";
				SDKROOT = macosx;
			};
			name = Debug;
		};
		E82178CA233CE48300676B6C /* Release */ = {
			isa = XCBuildConfiguration;
			buildSettings = {
				ALWAYS_SEARCH_USER_PATHS = NO;
				CLANG_ANALYZER_NONNULL = YES;
				CLANG_ANALYZER_NUMBER_OBJECT_CONVERSION = YES_AGGRESSIVE;
				CLANG_CXX_LANGUAGE_STANDARD = "gnu++14";
				CLANG_CXX_LIBRARY = "libc++";
				CLANG_ENABLE_MODULES = YES;
				CLANG_ENABLE_OBJC_ARC = YES;
				CLANG_ENABLE_OBJC_WEAK = YES;
				CLANG_WARN_BLOCK_CAPTURE_AUTORELEASING = YES;
				CLANG_WARN_BOOL_CONVERSION = YES;
				CLANG_WARN_COMMA = YES;
				CLANG_WARN_CONSTANT_CONVERSION = YES;
				CLANG_WARN_DEPRECATED_OBJC_IMPLEMENTATIONS = YES;
				CLANG_WARN_DIRECT_OBJC_ISA_USAGE = YES_ERROR;
				CLANG_WARN_DOCUMENTATION_COMMENTS = YES;
				CLANG_WARN_EMPTY_BODY = YES;
				CLANG_WARN_ENUM_CONVERSION = YES;
				CLANG_WARN_INFINITE_RECURSION = YES;
				CLANG_WARN_INT_CONVERSION = YES;
				CLANG_WARN_NON_LITERAL_NULL_CONVERSION = YES;
				CLANG_WARN_OBJC_IMPLICIT_RETAIN_SELF = YES;
				CLANG_WARN_OBJC_LITERAL_CONVERSION = YES;
				CLANG_WARN_OBJC_ROOT_CLASS = YES_ERROR;
				CLANG_WARN_RANGE_LOOP_ANALYSIS = YES;
				CLANG_WARN_STRICT_PROTOTYPES = YES;
				CLANG_WARN_SUSPICIOUS_MOVE = YES;
				CLANG_WARN_UNGUARDED_AVAILABILITY = YES_AGGRESSIVE;
				CLANG_WARN_UNREACHABLE_CODE = YES;
				CLANG_WARN__DUPLICATE_METHOD_MATCH = YES;
				CODE_SIGN_IDENTITY = "-";
				COPY_PHASE_STRIP = NO;
				DEBUG_INFORMATION_FORMAT = "dwarf-with-dsym";
				ENABLE_NS_ASSERTIONS = NO;
				ENABLE_STRICT_OBJC_MSGSEND = YES;
				GCC_C_LANGUAGE_STANDARD = gnu11;
				GCC_NO_COMMON_BLOCKS = YES;
				GCC_WARN_64_TO_32_BIT_CONVERSION = YES;
				GCC_WARN_ABOUT_RETURN_TYPE = YES_ERROR;
				GCC_WARN_UNDECLARED_SELECTOR = YES;
				GCC_WARN_UNINITIALIZED_AUTOS = YES_AGGRESSIVE;
				GCC_WARN_UNUSED_FUNCTION = YES;
				GCC_WARN_UNUSED_VARIABLE = YES;
				HEADER_SEARCH_PATHS = ./../;
				MACOSX_DEPLOYMENT_TARGET = 10.14;
				MTL_ENABLE_DEBUG_INFO = NO;
				MTL_FAST_MATH = YES;
				OTHER_CPLUSPLUSFLAGS = "$(OTHER_CFLAGS)";
				SDKROOT = macosx;
			};
			name = Release;
		};
		E82178CC233CE48300676B6C /* Debug */ = {
			isa = XCBuildConfiguration;
			buildSettings = {
				CODE_SIGN_STYLE = Automatic;
				PRODUCT_NAME = "$(TARGET_NAME)";
			};
			name = Debug;
		};
		E82178CD233CE48300676B6C /* Release */ = {
			isa = XCBuildConfiguration;
			buildSettings = {
				CODE_SIGN_STYLE = Automatic;
				PRODUCT_NAME = "$(TARGET_NAME)";
			};
			name = Release;
		};
/* End XCBuildConfiguration section */

/* Begin XCConfigurationList section */
		E82178BF233CE48300676B6C /* Build configuration list for PBXProject "minihttpd" */ = {
			isa = XCConfigurationList;
			buildConfigurations = (
				E82178C9233CE48300676B6C /* Debug */,
				E82178CA233CE48300676B6C /* Release */,
			);
			defaultConfigurationIsVisible = 0;
			defaultConfigurationName = Release;
		};
		E82178CB233CE48300676B6C /* Build configuration list for PBXNativeTarget "minihttpd" */ = {
			isa = XCConfigurationList;
			buildConfigurations = (
				E82178CC233CE48300676B6C /* Debug */,
				E82178CD233CE48300676B6C /* Release */,
			);
			defaultConfigurationIsVisible = 0;
			defaultConfigurationName = Release;
		};
/* End XCConfigurationList section */
	};
	rootObject = E82178BC233CE48300676B6C /* Project object */;
}
